
Microsoft Visual Studio Solution File, Format Version 12.00
# Visual Studio 15
VisualStudioVersion = 15.0.28307.438
MinimumVisualStudioVersion = 10.0.40219.1
Project("{FAE04EC0-301F-11D3-BF4B-00C04F79EFBC}") = "Lab11", "Lab11\Lab11.csproj", "{0357B5F9-D852-443D-BC9C-012425468E30}"
EndProject
Global
	GlobalSection(SolutionConfigurationPlatforms) = preSolution
		Debug|Any CPU = Debug|Any CPU
		Release|Any CPU = Release|Any CPU
	EndGlobalSection
	GlobalSection(ProjectConfigurationPlatforms) = postSolution
		{0357B5F9-D852-443D-BC9C-012425468E30}.Debug|Any CPU.ActiveCfg = Debug|Any CPU
		{0357B5F9-D852-443D-BC9C-012425468E30}.Debug|Any CPU.Build.0 = Debug|Any CPU
		{0357B5F9-D852-443D-BC9C-012425468E30}.Release|Any CPU.ActiveCfg = Release|Any CPU
		{0357B5F9-D852-443D-BC9C-012425468E30}.Release|Any CPU.Build.0 = Release|Any CPU
	EndGlobalSection
	GlobalSection(SolutionProperties) = preSolution
		HideSolutionNode = FALSE
	EndGlobalSection
	GlobalSection(ExtensibilityGlobals) = postSolution
		SolutionGuid = {7BCF062E-2A7B-4F77-8789-55A6E6117D6C}
	EndGlobalSection
EndGlobal
